
Microsoft Visual Studio Solution File, Format Version 12.00
# Visual Studio 15
VisualStudioVersion = 15.0.28307.1972
MinimumVisualStudioVersion = 10.0.40219.1
Project("{FAE04EC0-301F-11D3-BF4B-00C04F79EFBC}") = "MVC", "MVC\MVC.csproj", "{601AA470-8A95-4BDB-AE1B-C5CC7440BDE8}"
EndProject
Global
	GlobalSection(SolutionConfigurationPlatforms) = preSolution
		Debug|Any CPU = Debug|Any CPU
		Release|Any CPU = Release|Any CPU
	EndGlobalSection
	GlobalSection(ProjectConfigurationPlatforms) = postSolution
		{601AA470-8A95-4BDB-AE1B-C5CC7440BDE8}.Debug|Any CPU.ActiveCfg = Debug|Any CPU
		{601AA470-8A95-4BDB-AE1B-C5CC7440BDE8}.Debug|Any CPU.Build.0 = Debug|Any CPU
		{601AA470-8A95-4BDB-AE1B-C5CC7440BDE8}.Release|Any CPU.ActiveCfg = Release|Any CPU
		{601AA470-8A95-4BDB-AE1B-C5CC7440BDE8}.Release|Any CPU.Build.0 = Release|Any CPU
	EndGlobalSection
	GlobalSection(SolutionProperties) = preSolution
		HideSolutionNode = FALSE
	EndGlobalSection
	GlobalSection(ExtensibilityGlobals) = postSolution
		SolutionGuid = {F08B1A3D-F1DB-471F-AD47-620869D3F5D3}
	EndGlobalSection
EndGlobal
